schema: '2.0'
stages:
  preprocess:
    cmd: python src/data_preprocess.py
    deps:
    - path: data/raw/creditcard.csv
      hash: md5
      md5: e90efcb83d69faf99fcab8b0255024de
      size: 150828752
    - path: src/data_preprocess.py
      hash: md5
      md5: 13e042a74a545e23b2756cb65174decc
      size: 730
    outs:
    - path: data/processed/creditcard_processed.csv
      hash: md5
      md5: 4b81435690147d1e624a8b06c5520629
      size: 155302541
